Microsoft Visual Studio Solution File, Format Version 12.00
# Visual Studio Version 17
VisualStudioVersion = 17.5.2.0
MinimumVisualStudioVersion = 10.0.40219.1
Project("{FAE04EC0-301F-11D3-BF4B-00C04F79EFBC}") = "SmartBudget", "SmartBudget.csproj", "{0973B6A3-2CB6-91FB-840A-C1BA7D12863A}"
EndProject
Global
	GlobalSection(SolutionConfigurationPlatforms) = preSolution
		Debug|Any CPU = Debug|Any CPU
		Release|Any CPU = Release|Any CPU
	EndGlobalSection
	GlobalSection(ProjectConfigurationPlatforms) = postSolution
		{0973B6A3-2CB6-91FB-840A-C1BA7D12863A}.Debug|Any CPU.ActiveCfg = Debug|Any CPU
		{0973B6A3-2CB6-91FB-840A-C1BA7D12863A}.Debug|Any CPU.Build.0 = Debug|Any CPU
		{0973B6A3-2CB6-91FB-840A-C1BA7D12863A}.Release|Any CPU.ActiveCfg = Release|Any CPU
		{0973B6A3-2CB6-91FB-840A-C1BA7D12863A}.Release|Any CPU.Build.0 = Release|Any CPU
	EndGlobalSection
	GlobalSection(SolutionProperties) = preSolution
		HideSolutionNode = FALSE
	EndGlobalSection
	GlobalSection(ExtensibilityGlobals) = postSolution
		SolutionGuid = {368D9748-629E-4607-B9B9-06F25C7EADB8}
	EndGlobalSection
EndGlobal
